Microsoft Visual Studio Solution File, Format Version 12.00
# Visual Studio Version 16
VisualStudioVersion = 16.0.29403.142
MinimumVisualStudioVersion = 10.0.40219.1
Project("{FAE04EC0-301F-11D3-BF4B-00C04F79EFBC}") = "Fase2", "Fase2\Fase2.csproj", "{2EC7C532-D523-4EF3-AB16-1842D98FB90F}"
EndProject
Global
	GlobalSection(SolutionConfigurationPlatforms) = preSolution
		Debug|anycpu = Debug|anycpu
		Release|anycpu = Release|anycpu
	EndGlobalSection
	GlobalSection(ProjectConfigurationPlatforms) = postSolution
		{2EC7C532-D523-4EF3-AB16-1842D98FB90F}.Debug|anycpu.ActiveCfg = Debug|Any CPU
		{2EC7C532-D523-4EF3-AB16-1842D98FB90F}.Debug|anycpu.Build.0 = Debug|Any CPU
		{2EC7C532-D523-4EF3-AB16-1842D98FB90F}.Release|anycpu.ActiveCfg = Release|Any CPU
		{2EC7C532-D523-4EF3-AB16-1842D98FB90F}.Release|anycpu.Build.0 = Release|Any CPU
	EndGlobalSection
	GlobalSection(SolutionProperties) = preSolution
		HideSolutionNode = FALSE
	EndGlobalSection
	GlobalSection(ExtensibilityGlobals) = postSolution
		SolutionGuid = {04FB44AD-71C7-4249-AB4B-63F995640DDF}
	EndGlobalSection
EndGlobal
